// !$*UTF8*$!
{
	archiveVersion = 1;
	classes = {
	};
	objectVersion = 50;
	objects = {

/* Begin PBXBuildFile section */
		AE7D21D4246A2DB600776DD6 /* AppDelegate.swift in Sources */ = {isa = PBXBuildFile; fileRef = AE7D21D3246A2DB600776DD6 /* AppDelegate.swift */; };
		AE7D21D6246A2DB600776DD6 /* SceneDelegate.swift in Sources */ = {isa = PBXBuildFile; fileRef = AE7D21D5246A2DB600776DD6 /* SceneDelegate.swift */; };
		AE7D21D8246A2DB600776DD6 /* ViewController.swift in Sources */ = {isa = PBXBuildFile; fileRef = AE7D21D7246A2DB600776DD6 /* ViewController.swift */; };
		AE7D21DB246A2DB600776DD6 /* Main.storyboard in Resources */ = {isa = PBXBuildFile; fileRef = AE7D21D9246A2DB600776DD6 /* Main.storyboard */; };
		AE7D21DD246A2DB800776DD6 /* Assets.xcassets in Resources */ = {isa = PBXBuildFile; fileRef = AE7D21DC246A2DB800776DD6 /* Assets.xcassets */; };
		AE7D21E0246A2DB800776DD6 /* LaunchScreen.storyboard in Resources */ = {isa = PBXBuildFile; fileRef = AE7D21DE246A2DB800776DD6 /* LaunchScreen.storyboard */; };
		AE7D21F9246A2E8300776DD6 /* bg_blue@2x.png in Resources */ = {isa = PBXBuildFile; fileRef = AE7D21EA246A2E8300776DD6 /* bg_blue@2x.png */; };
		AE7D21FA246A2E8300776DD6 /* bg_gold@2x.png in Resources */ = {isa = PBXBuildFile; fileRef = AE7D21EB246A2E8300776DD6 /* bg_gold@2x.png */; };
		AE7D21FB246A2E8300776DD6 /* gacha@2x.png in Resources */ = {isa = PBXBuildFile; fileRef = AE7D21EC246A2E8300776DD6 /* gacha@2x.png */; };
		AE7D21FC246A2E8300776DD6 /* bg_red@2x.png in Resources */ = {isa = PBXBuildFile; fileRef = AE7D21ED246A2E8300776DD6 /* bg_red@2x.png */; };
		AE7D21FD246A2E8300776DD6 /* monster005.png in Resources */ = {isa = PBXBuildFile; fileRef = AE7D21EF246A2E8300776DD6 /* monster005.png */; };
		AE7D21FE246A2E8300776DD6 /* monster010.png in Resources */ = {isa = PBXBuildFile; fileRef = AE7D21F0246A2E8300776DD6 /* monster010.png */; };
		AE7D21FF246A2E8300776DD6 /* monster004.png in Resources */ = {isa = PBXBuildFile; fileRef = AE7D21F1246A2E8300776DD6 /* monster004.png */; };
		AE7D2200246A2E8300776DD6 /* monster006.png in Resources */ = {isa = PBXBuildFile; fileRef = AE7D21F2246A2E8300776DD6 /* monster006.png */; };
		AE7D2201246A2E8300776DD6 /* monster007.png in Resources */ = {isa = PBXBuildFile; fileRef = AE7D21F3246A2E8300776DD6 /* monster007.png */; };
		AE7D2202246A2E8300776DD6 /* monster003.png in Resources */ = {isa = PBXBuildFile; fileRef = AE7D21F4246A2E8300776DD6 /* monster003.png */; };
		AE7D2203246A2E8300776DD6 /* monster002.png in Resources */ = {isa = PBXBuildFile; fileRef = AE7D21F5246A2E8300776DD6 /* monster002.png */; };
		AE7D2204246A2E8300776DD6 /* monster001.png in Resources */ = {isa = PBXBuildFile; fileRef = AE7D21F6246A2E8300776DD6 /* monster001.png */; };
		AE7D2205246A2E8300776DD6 /* monster009.png in Resources */ = {isa = PBXBuildFile; fileRef = AE7D21F7246A2E8300776DD6 /* monster009.png */; };
		AE7D2206246A2E8300776DD6 /* monster008.png in Resources */ = {isa = PBXBuildFile; fileRef = AE7D21F8246A2E8300776DD6 /* monster008.png */; };
		AE7D2208246ABF8600776DD6 /* ResultViewController.swift in Sources */ = {isa = PBXBuildFile; fileRef = AE7D2207246ABF8600776DD6 /* ResultViewController.swift */; };
/* End PBXBuildFile section */

/* Begin PBXFileReference section */
		AE7D21D0246A2DB600776DD6 /* GachaTech.app */ = {isa = PBXFileReference; explicitFileType = wrapper.application; includeInIndex = 0; path = GachaTech.app; sourceTree = BUILT_PRODUCTS_DIR; };
		AE7D21D3246A2DB600776DD6 /* AppDelegate.swift */ = {isa = PBXFileReference; lastKnownFileType = sourcecode.swift; path = AppDelegate.swift; sourceTree = "<group>"; };
		AE7D21D5246A2DB600776DD6 /* SceneDelegate.swift */ = {isa = PBXFileReference; lastKnownFileType = sourcecode.swift; path = SceneDelegate.swift; sourceTree = "<group>"; };
		AE7D21D7246A2DB600776DD6 /* ViewController.swift */ = {isa = PBXFileReference; lastKnownFileType = sourcecode.swift; path = ViewController.swift; sourceTree = "<group>"; };
		AE7D21DA246A2DB600776DD6 /* Base */ = {isa = PBXFileReference; lastKnownFileType = file.storyboard; name = Base; path = Base.lproj/Main.storyboard; sourceTree = "<group>"; };
		AE7D21DC246A2DB800776DD6 /* Assets.xcassets */ = {isa = PBXFileReference; lastKnownFileType = folder.assetcatalog; path = Assets.xcassets; sourceTree = "<group>"; };
		AE7D21DF246A2DB800776DD6 /* Base */ = {isa = PBXFileReference; lastKnownFileType = file.storyboard; name = Base; path = Base.lproj/LaunchScreen.storyboard; sourceTree = "<group>"; };
		AE7D21E1246A2DB800776DD6 /* Info.plist */ = {isa = PBXFileReference; lastKnownFileType = text.plist.xml; path = Info.plist; sourceTree = "<group>"; };
		AE7D21EA246A2E8300776DD6 /* bg_blue@2x.png */ = {isa = PBXFileReference; lastKnownFileType = image.png; path = "bg_blue@2x.png"; sourceTree = "<group>"; };
		AE7D21EB246A2E8300776DD6 /* bg_gold@2x.png */ = {isa = PBXFileReference; lastKnownFileType = image.png; path = "bg_gold@2x.png"; sourceTree = "<group>"; };
		AE7D21EC246A2E8300776DD6 /* gacha@2x.png */ = {isa = PBXFileReference; lastKnownFileType = image.png; path = "gacha@2x.png"; sourceTree = "<group>"; };
		AE7D21ED246A2E8300776DD6 /* bg_red@2x.png */ = {isa = PBXFileReference; lastKnownFileType = image.png; path = "bg_red@2x.png"; sourceTree = "<group>"; };
		AE7D21EF246A2E8300776DD6 /* monster005.png */ = {isa = PBXFileReference; lastKnownFileType = image.png; path = monster005.png; sourceTree = "<group>"; };
		AE7D21F0246A2E8300776DD6 /* monster010.png */ = {isa = PBXFileReference; lastKnownFileType = image.png; path = monster010.png; sourceTree = "<group>"; };
		AE7D21F1246A2E8300776DD6 /* monster004.png */ = {isa = PBXFileReference; lastKnownFileType = image.png; path = monster004.png; sourceTree = "<group>"; };
		AE7D21F2246A2E8300776DD6 /* monster006.png */ = {isa = PBXFileReference; lastKnownFileType = image.png; path = monster006.png; sourceTree = "<group>"; };
		AE7D21F3246A2E8300776DD6 /* monster007.png */ = {isa = PBXFileReference; lastKnownFileType = image.png; path = monster007.png; sourceTree = "<group>"; };
		AE7D21F4246A2E8300776DD6 /* monster003.png */ = {isa = PBXFileReference; lastKnownFileType = image.png; path = monster003.png; sourceTree = "<group>"; };
		AE7D21F5246A2E8300776DD6 /* monster002.png */ = {isa = PBXFileReference; lastKnownFileType = image.png; path = monster002.png; sourceTree = "<group>"; };
		AE7D21F6246A2E8300776DD6 /* monster001.png */ = {isa = PBXFileReference; lastKnownFileType = image.png; path = monster001.png; sourceTree = "<group>"; };
		AE7D21F7246A2E8300776DD6 /* monster009.png */ = {isa = PBXFileReference; lastKnownFileType = image.png; path = monster009.png; sourceTree = "<group>"; };
		AE7D21F8246A2E8300776DD6 /* monster008.png */ = {isa = PBXFileReference; lastKnownFileType = image.png; path = monster008.png; sourceTree = "<group>"; };
		AE7D2207246ABF8600776DD6 /* ResultViewController.swift */ = {isa = PBXFileReference; lastKnownFileType = sourcecode.swift; path = ResultViewController.swift; sourceTree = "<group>"; };
/* End PBXFileReference section */

/* Begin PBXFrameworksBuildPhase section */
		AE7D21CD246A2DB600776DD6 /* Frameworks */ = {
			isa = PBXFrameworksBuildPhase;
			buildActionMask = 2147483647;
			files = (
			);
			runOnlyForDeploymentPostprocessing = 0;
		};
/* End PBXFrameworksBuildPhase section */

/* Begin PBXGroup section */
		AE7D21C7246A2DB600776DD6 = {
			isa = PBXGroup;
			children = (
				AE7D21D2246A2DB600776DD6 /* GachaTech */,
				AE7D21D1246A2DB600776DD6 /* Products */,
			);
			sourceTree = "<group>";
		};
		AE7D21D1246A2DB600776DD6 /* Products */ = {
			isa = PBXGroup;
			children = (
				AE7D21D0246A2DB600776DD6 /* GachaTech.app */,
			);
			name = Products;
			sourceTree = "<group>";
		};
		AE7D21D2246A2DB600776DD6 /* GachaTech */ = {
			isa = PBXGroup;
			children = (
				AE7D21E7246A2E8300776DD6 /* Gacha素材 */,
				AE7D21D3246A2DB600776DD6 /* AppDelegate.swift */,
				AE7D21D5246A2DB600776DD6 /* SceneDelegate.swift */,
				AE7D21D7246A2DB600776DD6 /* ViewController.swift */,
				AE7D21D9246A2DB600776DD6 /* Main.storyboard */,
				AE7D2207246ABF8600776DD6 /* ResultViewController.swift */,
				AE7D21DC246A2DB800776DD6 /* Assets.xcassets */,
				AE7D21DE246A2DB800776DD6 /* LaunchScreen.storyboard */,
				AE7D21E1246A2DB800776DD6 /* Info.plist */,
			);
			path = GachaTech;
			sourceTree = "<group>";
		};
		AE7D21E7246A2E8300776DD6 /* Gacha素材 */ = {
			isa = PBXGroup;
			children = (
				AE7D21E8246A2E8300776DD6 /* GachaResources */,
			);
			path = "Gacha素材";
			sourceTree = "<group>";
		};
		AE7D21E8246A2E8300776DD6 /* GachaResources */ = {
			isa = PBXGroup;
			children = (
				AE7D21E9246A2E8300776DD6 /* background */,
				AE7D21EE246A2E8300776DD6 /* monster */,
			);
			path = GachaResources;
			sourceTree = "<group>";
		};
		AE7D21E9246A2E8300776DD6 /* background */ = {
			isa = PBXGroup;
			children = (
				AE7D21EA246A2E8300776DD6 /* bg_blue@2x.png */,
				AE7D21EB246A2E8300776DD6 /* bg_gold@2x.png */,
				AE7D21EC246A2E8300776DD6 /* gacha@2x.png */,
				AE7D21ED246A2E8300776DD6 /* bg_red@2x.png */,
			);
			path = background;
			sourceTree = "<group>";
		};
		AE7D21EE246A2E8300776DD6 /* monster */ = {
			isa = PBXGroup;
			children = (
				AE7D21EF246A2E8300776DD6 /* monster005.png */,
				AE7D21F0246A2E8300776DD6 /* monster010.png */,
				AE7D21F1246A2E8300776DD6 /* monster004.png */,
				AE7D21F2246A2E8300776DD6 /* monster006.png */,
				AE7D21F3246A2E8300776DD6 /* monster007.png */,
				AE7D21F4246A2E8300776DD6 /* monster003.png */,
				AE7D21F5246A2E8300776DD6 /* monster002.png */,
				AE7D21F6246A2E8300776DD6 /* monster001.png */,
				AE7D21F7246A2E8300776DD6 /* monster009.png */,
				AE7D21F8246A2E8300776DD6 /* monster008.png */,
			);
			path = monster;
			sourceTree = "<group>";
		};
/* End PBXGroup section */

/* Begin PBXNativeTarget section */
		AE7D21CF246A2DB600776DD6 /* GachaTech */ = {
			isa = PBXNativeTarget;
			buildConfigurationList = AE7D21E4246A2DB800776DD6 /* Build configuration list for PBXNativeTarget "GachaTech" */;
			buildPhases = (
				AE7D21CC246A2DB600776DD6 /* Sources */,
				AE7D21CD246A2DB600776DD6 /* Frameworks */,
				AE7D21CE246A2DB600776DD6 /* Resources */,
			);
			buildRules = (
			);
			dependencies = (
			);
			name = GachaTech;
			productName = GachaTech;
			productReference = AE7D21D0246A2DB600776DD6 /* GachaTech.app */;
			productType = "com.apple.product-type.application";
		};
/* End PBXNativeTarget section */

/* Begin PBXProject section */
		AE7D21C8246A2DB600776DD6 /* Project object */ = {
			isa = PBXProject;
			attributes = {
				LastSwiftUpdateCheck = 1140;
				LastUpgradeCheck = 1140;
				ORGANIZATIONNAME = "Kusunose Hosho";
				TargetAttributes = {
					AE7D21CF246A2DB600776DD6 = {
						CreatedOnToolsVersion = 11.4.1;
					};
				};
			};
			buildConfigurationList = AE7D21CB246A2DB600776DD6 /* Build configuration list for PBXProject "GachaTech" */;
			compatibilityVersion = "Xcode 9.3";
			developmentRegion = en;
			hasScannedForEncodings = 0;
			knownRegions = (
				en,
				Base,
			);
			mainGroup = AE7D21C7246A2DB600776DD6;
			productRefGroup = AE7D21D1246A2DB600776DD6 /* Products */;
			projectDirPath = "";
			projectRoot = "";
			targets = (
				AE7D21CF246A2DB600776DD6 /* GachaTech */,
			);
		};
/* End PBXProject section */

/* Begin PBXResourcesBuildPhase section */
		AE7D21CE246A2DB600776DD6 /* Resources */ = {
			isa = PBXResourcesBuildPhase;
			buildActionMask = 2147483647;
			files = (
				AE7D21FC246A2E8300776DD6 /* bg_red@2x.png in Resources */,
				AE7D21E0246A2DB800776DD6 /* LaunchScreen.storyboard in Resources */,
				AE7D2205246A2E8300776DD6 /* monster009.png in Resources */,
				AE7D21FA246A2E8300776DD6 /* bg_gold@2x.png in Resources */,
				AE7D2202246A2E8300776DD6 /* monster003.png in Resources */,
				AE7D2204246A2E8300776DD6 /* monster001.png in Resources */,
				AE7D2206246A2E8300776DD6 /* monster008.png in Resources */,
				AE7D21DD246A2DB800776DD6 /* Assets.xcassets in Resources */,
				AE7D2201246A2E8300776DD6 /* monster007.png in Resources */,
				AE7D21FB246A2E8300776DD6 /* gacha@2x.png in Resources */,
				AE7D2203246A2E8300776DD6 /* monster002.png in Resources */,
				AE7D21DB246A2DB600776DD6 /* Main.storyboard in Resources */,
				AE7D21FE246A2E8300776DD6 /* monster010.png in Resources */,
				AE7D2200246A2E8300776DD6 /* monster006.png in Resources */,
				AE7D21FD246A2E8300776DD6 /* monster005.png in Resources */,
				AE7D21F9246A2E8300776DD6 /* bg_blue@2x.png in Resources */,
				AE7D21FF246A2E8300776DD6 /* monster004.png in Resources */,
			);
			runOnlyForDeploymentPostprocessing = 0;
		};
/* End PBXResourcesBuildPhase section */

/* Begin PBXSourcesBuildPhase section */
		AE7D21CC246A2DB600776DD6 /* Sources */ = {
			isa = PBXSourcesBuildPhase;
			buildActionMask = 2147483647;
			files = (
				AE7D21D8246A2DB600776DD6 /* ViewController.swift in Sources */,
				AE7D21D4246A2DB600776DD6 /* AppDelegate.swift in Sources */,
				AE7D21D6246A2DB600776DD6 /* SceneDelegate.swift in Sources */,
				AE7D2208246ABF8600776DD6 /* ResultViewController.swift in Sources */,
			);
			runOnlyForDeploymentPostprocessing = 0;
		};
/* End PBXSourcesBuildPhase section */

/* Begin PBXVariantGroup section */
		AE7D21D9246A2DB600776DD6 /* Main.storyboard */ = {
			isa = PBXVariantGroup;
			children = (
				AE7D21DA246A2DB600776DD6 /* Base */,
			);
			name = Main.storyboard;
			sourceTree = "<group>";
		};
		AE7D21DE246A2DB800776DD6 /* LaunchScreen.storyboard */ = {
			isa = PBXVariantGroup;
			children = (
				AE7D21DF246A2DB800776DD6 /* Base */,
			);
			name = LaunchScreen.storyboard;
			sourceTree = "<group>";
		};
/* End PBXVariantGroup section */

/* Begin XCBuildConfiguration section */
		AE7D21E2246A2DB800776DD6 /* Debug */ = {
			isa = XCBuildConfiguration;
			buildSettings = {
				ALWAYS_SEARCH_USER_PATHS = NO;
				CLANG_ANALYZER_NONNULL = YES;
				CLANG_ANALYZER_NUMBER_OBJECT_CONVERSION = YES_AGGRESSIVE;
				CLANG_CXX_LANGUAGE_STANDARD = "gnu++14";
				CLANG_CXX_LIBRARY = "libc++";
				CLANG_ENABLE_MODULES = YES;
				CLANG_ENABLE_OBJC_ARC = YES;
				CLANG_ENABLE_OBJC_WEAK = YES;
				CLANG_WARN_BLOCK_CAPTURE_AUTORELEASING = YES;
				CLANG_WARN_BOOL_CONVERSION = YES;
				CLANG_WARN_COMMA = YES;
				CLANG_WARN_CONSTANT_CONVERSION = YES;
				CLANG_WARN_DEPRECATED_OBJC_IMPLEMENTATIONS = YES;
				CLANG_WARN_DIRECT_OBJC_ISA_USAGE = YES_ERROR;
				CLANG_WARN_DOCUMENTATION_COMMENTS = YES;
				CLANG_WARN_EMPTY_BODY = YES;
				CLANG_WARN_ENUM_CONVERSION = YES;
				CLANG_WARN_INFINITE_RECURSION = YES;
				CLANG_WARN_INT_CONVERSION = YES;
				CLANG_WARN_NON_LITERAL_NULL_CONVERSION = YES;
				CLANG_WARN_OBJC_IMPLICIT_RETAIN_SELF = YES;
				CLANG_WARN_OBJC_LITERAL_CONVERSION = YES;
				CLANG_WARN_OBJC_ROOT_CLASS = YES_ERROR;
				CLANG_WARN_RANGE_LOOP_ANALYSIS = YES;
				CLANG_WARN_STRICT_PROTOTYPES = YES;
				CLANG_WARN_SUSPICIOUS_MOVE = YES;
				CLANG_WARN_UNGUARDED_AVAILABILITY = YES_AGGRESSIVE;
				CLANG_WARN_UNREACHABLE_CODE = YES;
				CLANG_WARN__DUPLICATE_METHOD_MATCH = YES;
				COPY_PHASE_STRIP = NO;
				DEBUG_INFORMATION_FORMAT = dwarf;
				ENABLE_STRICT_OBJC_MSGSEND = YES;
				ENABLE_TESTABILITY = YES;
				GCC_C_LANGUAGE_STANDARD = gnu11;
				GCC_DYNAMIC_NO_PIC = NO;
				GCC_NO_COMMON_BLOCKS = YES;
				GCC_OPTIMIZATION_LEVEL = 0;
				GCC_PREPROCESSOR_DEFINITIONS = (
					"DEBUG=1",
					"$(inherited)",
				);
				GCC_WARN_64_TO_32_BIT_CONVERSION = YES;
				GCC_WARN_ABOUT_RETURN_TYPE = YES_ERROR;
				GCC_WARN_UNDECLARED_SELECTOR = YES;
				GCC_WARN_UNINITIALIZED_AUTOS = YES_AGGRESSIVE;
				GCC_WARN_UNUSED_FUNCTION = YES;
				GCC_WARN_UNUSED_VARIABLE = YES;
				IPHONEOS_DEPLOYMENT_TARGET = 13.4;
				MTL_ENABLE_DEBUG_INFO = INCLUDE_SOURCE;
				MTL_FAST_MATH = YES;
				ONLY_ACTIVE_ARCH = YES;
				SDKROOT = iphoneos;
				SWIFT_ACTIVE_COMPILATION_CONDITIONS = DEBUG;
				SWIFT_OPTIMIZATION_LEVEL = "-Onone";
			};
			name = Debug;
		};
		AE7D21E3246A2DB800776DD6 /* Release */ = {
			isa = XCBuildConfiguration;
			buildSettings = {
				ALWAYS_SEARCH_USER_PATHS = NO;
				CLANG_ANALYZER_NONNULL = YES;
				CLANG_ANALYZER_NUMBER_OBJECT_CONVERSION = YES_AGGRESSIVE;
				CLANG_CXX_LANGUAGE_STANDARD = "gnu++14";
				CLANG_CXX_LIBRARY = "libc++";
				CLANG_ENABLE_MODULES = YES;
				CLANG_ENABLE_OBJC_ARC = YES;
				CLANG_ENABLE_OBJC_WEAK = YES;
				CLANG_WARN_BLOCK_CAPTURE_AUTORELEASING = YES;
				CLANG_WARN_BOOL_CONVERSION = YES;
				CLANG_WARN_COMMA = YES;
				CLANG_WARN_CONSTANT_CONVERSION = YES;
				CLANG_WARN_DEPRECATED_OBJC_IMPLEMENTATIONS = YES;
				CLANG_WARN_DIRECT_OBJC_ISA_USAGE = YES_ERROR;
				CLANG_WARN_DOCUMENTATION_COMMENTS = YES;
				CLANG_WARN_EMPTY_BODY = YES;
				CLANG_WARN_ENUM_CONVERSION = YES;
				CLANG_WARN_INFINITE_RECURSION = YES;
				CLANG_WARN_INT_CONVERSION = YES;
				CLANG_WARN_NON_LITERAL_NULL_CONVERSION = YES;
				CLANG_WARN_OBJC_IMPLICIT_RETAIN_SELF = YES;
				CLANG_WARN_OBJC_LITERAL_CONVERSION = YES;
				CLANG_WARN_OBJC_ROOT_CLASS = YES_ERROR;
				CLANG_WARN_RANGE_LOOP_ANALYSIS = YES;
				CLANG_WARN_STRICT_PROTOTYPES = YES;
				CLANG_WARN_SUSPICIOUS_MOVE = YES;
				CLANG_WARN_UNGUARDED_AVAILABILITY = YES_AGGRESSIVE;
				CLANG_WARN_UNREACHABLE_CODE = YES;
				CLANG_WARN__DUPLICATE_METHOD_MATCH = YES;
				COPY_PHASE_STRIP = NO;
				DEBUG_INFORMATION_FORMAT = "dwarf-with-dsym";
				ENABLE_NS_ASSERTIONS = NO;
				ENABLE_STRICT_OBJC_MSGSEND = YES;
				GCC_C_LANGUAGE_STANDARD = gnu11;
				GCC_NO_COMMON_BLOCKS = YES;
				GCC_WARN_64_TO_32_BIT_CONVERSION = YES;
				GCC_WARN_ABOUT_RETURN_TYPE = YES_ERROR;
				GCC_WARN_UNDECLARED_SELECTOR = YES;
				GCC_WARN_UNINITIALIZED_AUTOS = YES_AGGRESSIVE;
				GCC_WARN_UNUSED_FUNCTION = YES;
				GCC_WARN_UNUSED_VARIABLE = YES;
				IPHONEOS_DEPLOYMENT_TARGET = 13.4;
				MTL_ENABLE_DEBUG_INFO = NO;
				MTL_FAST_MATH = YES;
				SDKROOT = iphoneos;
				SWIFT_COMPILATION_MODE = wholemodule;
				SWIFT_OPTIMIZATION_LEVEL = "-O";
				VALIDATE_PRODUCT = YES;
			};
			name = Release;
		};
		AE7D21E5246A2DB800776DD6 /* Debug */ = {
			isa = XCBuildConfiguration;
			buildSettings = {
				ASSETCATALOG_COMPILER_APPICON_NAME = AppIcon;
				CODE_SIGN_STYLE = Automatic;
				DEVELOPMENT_TEAM = F37685AA55;
				INFOPLIST_FILE = GachaTech/Info.plist;
				LD_RUNPATH_SEARCH_PATHS = (
					"$(inherited)",
					"@executable_path/Frameworks",
				);
				PRODUCT_BUNDLE_IDENTIFIER = app.kusunose.hosho.GachaTech;
				PRODUCT_NAME = "$(TARGET_NAME)";
				SWIFT_VERSION = 5.0;
				TARGETED_DEVICE_FAMILY = "1,2";
			};
			name = Debug;
		};
		AE7D21E6246A2DB800776DD6 /* Release */ = {
			isa = XCBuildConfiguration;
			buildSettings = {
				ASSETCATALOG_COMPILER_APPICON_NAME = AppIcon;
				CODE_SIGN_STYLE = Automatic;
				DEVELOPMENT_TEAM = F37685AA55;
				INFOPLIST_FILE = GachaTech/Info.plist;
				LD_RUNPATH_SEARCH_PATHS = (
					"$(inherited)",
					"@executable_path/Frameworks",
				);
				PRODUCT_BUNDLE_IDENTIFIER = app.kusunose.hosho.GachaTech;
				PRODUCT_NAME = "$(TARGET_NAME)";
				SWIFT_VERSION = 5.0;
				TARGETED_DEVICE_FAMILY = "1,2";
			};
			name = Release;
		};
/* End XCBuildConfiguration section */

/* Begin XCConfigurationList section */
		AE7D21CB246A2DB600776DD6 /* Build configuration list for PBXProject "GachaTech" */ = {
			isa = XCConfigurationList;
			buildConfigurations = (
				AE7D21E2246A2DB800776DD6 /* Debug */,
				AE7D21E3246A2DB800776DD6 /* Release */,
			);
			defaultConfigurationIsVisible = 0;
			defaultConfigurationName = Release;
		};
		AE7D21E4246A2DB800776DD6 /* Build configuration list for PBXNativeTarget "GachaTech" */ = {
			isa = XCConfigurationList;
			buildConfigurations = (
				AE7D21E5246A2DB800776DD6 /* Debug */,
				AE7D21E6246A2DB800776DD6 /* Release */,
			);
			defaultConfigurationIsVisible = 0;
			defaultConfigurationName = Release;
		};
/* End XCConfigurationList section */
	};
	rootObject = AE7D21C8246A2DB600776DD6 /* Project object */;
}
